
Microsoft Visual Studio Solution File, Format Version 12.00
# Visual Studio Version 16
VisualStudioVersion = 16.0.29806.167
MinimumVisualStudioVersion = 10.0.40219.1
Project("{FAE04EC0-301F-11D3-BF4B-00C04F79EFBC}") = "Elk", "Elk\Elk.csproj", "{DC7FE4E4-0427-4961-8A50-1C30CED61D1B}"
EndProject
Global
	GlobalSection(SolutionConfigurationPlatforms) = preSolution
		Debug|Any CPU = Debug|Any CPU
		Release|Any CPU = Release|Any CPU
	EndGlobalSection
	GlobalSection(ProjectConfigurationPlatforms) = postSolution
		{DC7FE4E4-0427-4961-8A50-1C30CED61D1B}.Debug|Any CPU.ActiveCfg = Debug|Any CPU
		{DC7FE4E4-0427-4961-8A50-1C30CED61D1B}.Debug|Any CPU.Build.0 = Debug|Any CPU
		{DC7FE4E4-0427-4961-8A50-1C30CED61D1B}.Release|Any CPU.ActiveCfg = Release|Any CPU
		{DC7FE4E4-0427-4961-8A50-1C30CED61D1B}.Release|Any CPU.Build.0 = Release|Any CPU
	EndGlobalSection
	GlobalSection(SolutionProperties) = preSolution
		HideSolutionNode = FALSE
	EndGlobalSection
	GlobalSection(ExtensibilityGlobals) = postSolution
		SolutionGuid = {9FC60E7D-4F58-4E0B-B19E-706F0E437737}
	EndGlobalSection
EndGlobal
